
Microsoft Visual Studio Solution File, Format Version 12.00
# Visual Studio 15
VisualStudioVersion = 15.0.27130.2036
MinimumVisualStudioVersion = 10.0.40219.1
Project("{FAE04EC0-301F-11D3-BF4B-00C04F79EFBC}") = "WebApplication2", "WebApplication2\WebApplication2.csproj", "{D675743F-A0E1-4F7A-BC58-D5DB277F8348}"
EndProject
Global
	GlobalSection(SolutionConfigurationPlatforms) = preSolution
		Debug|Any CPU = Debug|Any CPU
		Release|Any CPU = Release|Any CPU
	EndGlobalSection
	GlobalSection(ProjectConfigurationPlatforms) = postSolution
		{D675743F-A0E1-4F7A-BC58-D5DB277F8348}.Debug|Any CPU.ActiveCfg = Debug|Any CPU
		{D675743F-A0E1-4F7A-BC58-D5DB277F8348}.Debug|Any CPU.Build.0 = Debug|Any CPU
		{D675743F-A0E1-4F7A-BC58-D5DB277F8348}.Release|Any CPU.ActiveCfg = Release|Any CPU
		{D675743F-A0E1-4F7A-BC58-D5DB277F8348}.Release|Any CPU.Build.0 = Release|Any CPU
	EndGlobalSection
	GlobalSection(SolutionProperties) = preSolution
		HideSolutionNode = FALSE
	EndGlobalSection
	GlobalSection(ExtensibilityGlobals) = postSolution
		SolutionGuid = {D5A4D88D-9DE6-44D3-AF65-9C1268798F19}
	EndGlobalSection
EndGlobal
